
Microsoft Visual Studio Solution File, Format Version 12.00
# Visual Studio 15
VisualStudioVersion = 15.0.27130.2036
MinimumVisualStudioVersion = 10.0.40219.1
Project("{FAE04EC0-301F-11D3-BF4B-00C04F79EFBC}") = "AG2A", "AG2A\AG2A.csproj", "{1D31280C-678A-4DBB-8ACD-7AB06A6373C3}"
EndProject
Global
	GlobalSection(SolutionConfigurationPlatforms) = preSolution
		Debug|Any CPU = Debug|Any CPU
		Release|Any CPU = Release|Any CPU
	EndGlobalSection
	GlobalSection(ProjectConfigurationPlatforms) = postSolution
		{1D31280C-678A-4DBB-8ACD-7AB06A6373C3}.Debug|Any CPU.ActiveCfg = Debug|Any CPU
		{1D31280C-678A-4DBB-8ACD-7AB06A6373C3}.Debug|Any CPU.Build.0 = Debug|Any CPU
		{1D31280C-678A-4DBB-8ACD-7AB06A6373C3}.Release|Any CPU.ActiveCfg = Release|Any CPU
		{1D31280C-678A-4DBB-8ACD-7AB06A6373C3}.Release|Any CPU.Build.0 = Release|Any CPU
	EndGlobalSection
	GlobalSection(SolutionProperties) = preSolution
		HideSolutionNode = FALSE
	EndGlobalSection
	GlobalSection(ExtensibilityGlobals) = postSolution
		SolutionGuid = {BD92CDC8-A989-4F38-9061-2E023B780E8A}
	EndGlobalSection
EndGlobal
